// !$*UTF8*$!
{
	archiveVersion = 1;
	classes = {
	};
	objectVersion = 46;
	objects = {

/* Begin PBXBuildFile section */
		77E759701F0C80AD00F48BE8 /* main.cpp in Sources */ = {isa = PBXBuildFile; fileRef = 77E7596F1F0C80AD00F48BE8 /* main.cpp */; };
		77E7597C1F0C824800F48BE8 /* libstdc++.tbd in Frameworks */ = {isa = PBXBuildFile; fileRef = 77E759791F0C824800F48BE8 /* libstdc++.tbd */; };
		77E75A331F0CA41400F48BE8 /* libstdc++.6.0.9.tbd in Frameworks */ = {isa = PBXBuildFile; fileRef = 77E759771F0C824800F48BE8 /* libstdc++.6.0.9.tbd */; };
		77E75A341F0CA41400F48BE8 /* libstdc++.6.tbd in Frameworks */ = {isa = PBXBuildFile; fileRef = 77E759781F0C824800F48BE8 /* libstdc++.6.tbd */; };
		77E75A6E1F0CA42100F48BE8 /* libopencv_calib3d.2.4.13.dylib in Frameworks */ = {isa = PBXBuildFile; fileRef = 77E75A351F0CA42100F48BE8 /* libopencv_calib3d.2.4.13.dylib */; };
		77E75A6F1F0CA42100F48BE8 /* libopencv_calib3d.2.4.13.dylib in Frameworks */ = {isa = PBXBuildFile; fileRef = 77E75A361F0CA42100F48BE8 /* libopencv_calib3d.2.4.13.dylib */; };
		77E75A701F0CA42100F48BE8 /* libopencv_calib3d.2.4.13.dylib in Frameworks */ = {isa = PBXBuildFile; fileRef = 77E75A371F0CA42100F48BE8 /* libopencv_calib3d.2.4.13.dylib */; };
		77E75A711F0CA42100F48BE8 /* libopencv_contrib.2.4.13.dylib in Frameworks */ = {isa = PBXBuildFile; fileRef = 77E75A381F0CA42100F48BE8 /* libopencv_contrib.2.4.13.dylib */; };
		77E75A721F0CA42100F48BE8 /* libopencv_contrib.2.4.13.dylib in Frameworks */ = {isa = PBXBuildFile; fileRef = 77E75A391F0CA42100F48BE8 /* libopencv_contrib.2.4.13.dylib */; };
		77E75A731F0CA42100F48BE8 /* libopencv_contrib.2.4.13.dylib in Frameworks */ = {isa = PBXBuildFile; fileRef = 77E75A3A1F0CA42100F48BE8 /* libopencv_contrib.2.4.13.dylib */; };
		77E75A741F0CA42100F48BE8 /* libopencv_core.2.4.13.dylib in Frameworks */ = {isa = PBXBuildFile; fileRef = 77E75A3B1F0CA42100F48BE8 /* libopencv_core.2.4.13.dylib */; };
		77E75A751F0CA42100F48BE8 /* libopencv_core.2.4.13.dylib in Frameworks */ = {isa = PBXBuildFile; fileRef = 77E75A3C1F0CA42100F48BE8 /* libopencv_core.2.4.13.dylib */; };
		77E75A761F0CA42100F48BE8 /* libopencv_core.2.4.13.dylib in Frameworks */ = {isa = PBXBuildFile; fileRef = 77E75A3D1F0CA42100F48BE8 /* libopencv_core.2.4.13.dylib */; };
		77E75A771F0CA42100F48BE8 /* libopencv_features2d.2.4.13.dylib in Frameworks */ = {isa = PBXBuildFile; fileRef = 77E75A3E1F0CA42100F48BE8 /* libopencv_features2d.2.4.13.dylib */; };
		77E75A781F0CA42100F48BE8 /* libopencv_features2d.2.4.13.dylib in Frameworks */ = {isa = PBXBuildFile; fileRef = 77E75A3F1F0CA42100F48BE8 /* libopencv_features2d.2.4.13.dylib */; };
		77E75A791F0CA42100F48BE8 /* libopencv_features2d.2.4.13.dylib in Frameworks */ = {isa = PBXBuildFile; fileRef = 77E75A401F0CA42100F48BE8 /* libopencv_features2d.2.4.13.dylib */; };
		77E75A7A1F0CA42100F48BE8 /* libopencv_flann.2.4.13.dylib in Frameworks */ = {isa = PBXBuildFile; fileRef = 77E75A411F0CA42100F48BE8 /* libopencv_flann.2.4.13.dylib */; };
		77E75A7B1F0CA42100F48BE8 /* libopencv_flann.2.4.13.dylib in Frameworks */ = {isa = PBXBuildFile; fileRef = 77E75A421F0CA42100F48BE8 /* libopencv_flann.2.4.13.dylib */; };
		77E75A7C1F0CA42100F48BE8 /* libopencv_flann.2.4.13.dylib in Frameworks */ = {isa = PBXBuildFile; fileRef = 77E75A431F0CA42100F48BE8 /* libopencv_flann.2.4.13.dylib */; };
		77E75A7D1F0CA42100F48BE8 /* libopencv_gpu.2.4.13.dylib in Frameworks */ = {isa = PBXBuildFile; fileRef = 77E75A441F0CA42100F48BE8 /* libopencv_gpu.2.4.13.dylib */; };
		77E75A7E1F0CA42100F48BE8 /* libopencv_gpu.2.4.13.dylib in Frameworks */ = {isa = PBXBuildFile; fileRef = 77E75A451F0CA42100F48BE8 /* libopencv_gpu.2.4.13.dylib */; };
		77E75A7F1F0CA42100F48BE8 /* libopencv_gpu.2.4.13.dylib in Frameworks */ = {isa = PBXBuildFile; fileRef = 77E75A461F0CA42100F48BE8 /* libopencv_gpu.2.4.13.dylib */; };
		77E75A801F0CA42100F48BE8 /* libopencv_highgui.2.4.13.dylib in Frameworks */ = {isa = PBXBuildFile; fileRef = 77E75A471F0CA42100F48BE8 /* libopencv_highgui.2.4.13.dylib */; };
		77E75A811F0CA42100F48BE8 /* libopencv_highgui.2.4.13.dylib in Frameworks */ = {isa = PBXBuildFile; fileRef = 77E75A481F0CA42100F48BE8 /* libopencv_highgui.2.4.13.dylib */; };
		77E75A821F0CA42100F48BE8 /* libopencv_highgui.2.4.13.dylib in Frameworks */ = {isa = PBXBuildFile; fileRef = 77E75A491F0CA42100F48BE8 /* libopencv_highgui.2.4.13.dylib */; };
		77E75A831F0CA42100F48BE8 /* libopencv_imgproc.2.4.13.dylib in Frameworks */ = {isa = PBXBuildFile; fileRef = 77E75A4A1F0CA42100F48BE8 /* libopencv_imgproc.2.4.13.dylib */; };
		77E75A841F0CA42100F48BE8 /* libopencv_imgproc.2.4.13.dylib in Frameworks */ = {isa = PBXBuildFile; fileRef = 77E75A4B1F0CA42100F48BE8 /* libopencv_imgproc.2.4.13.dylib */; };
		77E75A851F0CA42100F48BE8 /* libopencv_imgproc.2.4.13.dylib in Frameworks */ = {isa = PBXBuildFile; fileRef = 77E75A4C1F0CA42100F48BE8 /* libopencv_imgproc.2.4.13.dylib */; };
		77E75A861F0CA42100F48BE8 /* libopencv_legacy.2.4.13.dylib in Frameworks */ = {isa = PBXBuildFile; fileRef = 77E75A4D1F0CA42100F48BE8 /* libopencv_legacy.2.4.13.dylib */; };
		77E75A871F0CA42100F48BE8 /* libopencv_legacy.2.4.13.dylib in Frameworks */ = {isa = PBXBuildFile; fileRef = 77E75A4E1F0CA42100F48BE8 /* libopencv_legacy.2.4.13.dylib */; };
		77E75A881F0CA42100F48BE8 /* libopencv_legacy.2.4.13.dylib in Frameworks */ = {isa = PBXBuildFile; fileRef = 77E75A4F1F0CA42100F48BE8 /* libopencv_legacy.2.4.13.dylib */; };
		77E75A891F0CA42100F48BE8 /* libopencv_ml.2.4.13.dylib in Frameworks */ = {isa = PBXBuildFile; fileRef = 77E75A501F0CA42100F48BE8 /* libopencv_ml.2.4.13.dylib */; };
		77E75A8A1F0CA42100F48BE8 /* libopencv_ml.2.4.13.dylib in Frameworks */ = {isa = PBXBuildFile; fileRef = 77E75A511F0CA42100F48BE8 /* libopencv_ml.2.4.13.dylib */; };
		77E75A8B1F0CA42100F48BE8 /* libopencv_ml.2.4.13.dylib in Frameworks */ = {isa = PBXBuildFile; fileRef = 77E75A521F0CA42100F48BE8 /* libopencv_ml.2.4.13.dylib */; };
		77E75A8C1F0CA42100F48BE8 /* libopencv_nonfree.2.4.13.dylib in Frameworks */ = {isa = PBXBuildFile; fileRef = 77E75A531F0CA42100F48BE8 /* libopencv_nonfree.2.4.13.dylib */; };
		77E75A8D1F0CA42100F48BE8 /* libopencv_nonfree.2.4.13.dylib in Frameworks */ = {isa = PBXBuildFile; fileRef = 77E75A541F0CA42100F48BE8 /* libopencv_nonfree.2.4.13.dylib */; };
		77E75A8E1F0CA42100F48BE8 /* libopencv_nonfree.2.4.13.dylib in Frameworks */ = {isa = PBXBuildFile; fileRef = 77E75A551F0CA42100F48BE8 /* libopencv_nonfree.2.4.13.dylib */; };
		77E75A8F1F0CA42100F48BE8 /* libopencv_objdetect.2.4.13.dylib in Frameworks */ = {isa = PBXBuildFile; fileRef = 77E75A561F0CA42100F48BE8 /* libopencv_objdetect.2.4.13.dylib */; };
		77E75A901F0CA42100F48BE8 /* libopencv_objdetect.2.4.13.dylib in Frameworks */ = {isa = PBXBuildFile; fileRef = 77E75A571F0CA42100F48BE8 /* libopencv_objdetect.2.4.13.dylib */; };
		77E75A911F0CA42100F48BE8 /* libopencv_objdetect.2.4.13.dylib in Frameworks */ = {isa = PBXBuildFile; fileRef = 77E75A581F0CA42100F48BE8 /* libopencv_objdetect.2.4.13.dylib */; };
		77E75A921F0CA42100F48BE8 /* libopencv_ocl.2.4.13.dylib in Frameworks */ = {isa = PBXBuildFile; fileRef = 77E75A591F0CA42100F48BE8 /* libopencv_ocl.2.4.13.dylib */; };
		77E75A931F0CA42100F48BE8 /* libopencv_ocl.2.4.13.dylib in Frameworks */ = {isa = PBXBuildFile; fileRef = 77E75A5A1F0CA42100F48BE8 /* libopencv_ocl.2.4.13.dylib */; };
		77E75A941F0CA42100F48BE8 /* libopencv_ocl.2.4.13.dylib in Frameworks */ = {isa = PBXBuildFile; fileRef = 77E75A5B1F0CA42100F48BE8 /* libopencv_ocl.2.4.13.dylib */; };
		77E75A951F0CA42100F48BE8 /* libopencv_photo.2.4.13.dylib in Frameworks */ = {isa = PBXBuildFile; fileRef = 77E75A5C1F0CA42100F48BE8 /* libopencv_photo.2.4.13.dylib */; };
		77E75A961F0CA42100F48BE8 /* libopencv_photo.2.4.13.dylib in Frameworks */ = {isa = PBXBuildFile; fileRef = 77E75A5D1F0CA42100F48BE8 /* libopencv_photo.2.4.13.dylib */; };
		77E75A971F0CA42100F48BE8 /* libopencv_photo.2.4.13.dylib in Frameworks */ = {isa = PBXBuildFile; fileRef = 77E75A5E1F0CA42100F48BE8 /* libopencv_photo.2.4.13.dylib */; };
		77E75A981F0CA42100F48BE8 /* libopencv_stitching.2.4.13.dylib in Frameworks */ = {isa = PBXBuildFile; fileRef = 77E75A5F1F0CA42100F48BE8 /* libopencv_stitching.2.4.13.dylib */; };
		77E75A991F0CA42100F48BE8 /* libopencv_stitching.2.4.13.dylib in Frameworks */ = {isa = PBXBuildFile; fileRef = 77E75A601F0CA42100F48BE8 /* libopencv_stitching.2.4.13.dylib */; };
		77E75A9A1F0CA42100F48BE8 /* libopencv_stitching.2.4.13.dylib in Frameworks */ = {isa = PBXBuildFile; fileRef = 77E75A611F0CA42100F48BE8 /* libopencv_stitching.2.4.13.dylib */; };
		77E75A9B1F0CA42100F48BE8 /* libopencv_superres.2.4.13.dylib in Frameworks */ = {isa = PBXBuildFile; fileRef = 77E75A621F0CA42100F48BE8 /* libopencv_superres.2.4.13.dylib */; };
		77E75A9C1F0CA42100F48BE8 /* libopencv_superres.2.4.13.dylib in Frameworks */ = {isa = PBXBuildFile; fileRef = 77E75A631F0CA42100F48BE8 /* libopencv_superres.2.4.13.dylib */; };
		77E75A9D1F0CA42100F48BE8 /* libopencv_superres.2.4.13.dylib in Frameworks */ = {isa = PBXBuildFile; fileRef = 77E75A641F0CA42100F48BE8 /* libopencv_superres.2.4.13.dylib */; };
		77E75A9E1F0CA42100F48BE8 /* libopencv_ts.a in Frameworks */ = {isa = PBXBuildFile; fileRef = 77E75A651F0CA42100F48BE8 /* libopencv_ts.a */; };
		77E75A9F1F0CA42100F48BE8 /* libopencv_video.2.4.13.dylib in Frameworks */ = {isa = PBXBuildFile; fileRef = 77E75A661F0CA42100F48BE8 /* libopencv_video.2.4.13.dylib */; };
		77E75AA01F0CA42100F48BE8 /* libopencv_video.2.4.13.dylib in Frameworks */ = {isa = PBXBuildFile; fileRef = 77E75A671F0CA42100F48BE8 /* libopencv_video.2.4.13.dylib */; };
		77E75AA11F0CA42100F48BE8 /* libopencv_video.2.4.13.dylib in Frameworks */ = {isa = PBXBuildFile; fileRef = 77E75A681F0CA42100F48BE8 /* libopencv_video.2.4.13.dylib */; };
		77E75AA21F0CA42100F48BE8 /* libopencv_videostab.2.4.13.dylib in Frameworks */ = {isa = PBXBuildFile; fileRef = 77E75A691F0CA42100F48BE8 /* libopencv_videostab.2.4.13.dylib */; };
		77E75AA31F0CA42100F48BE8 /* libopencv_videostab.2.4.13.dylib in Frameworks */ = {isa = PBXBuildFile; fileRef = 77E75A6A1F0CA42100F48BE8 /* libopencv_videostab.2.4.13.dylib */; };
		77E75AA41F0CA42100F48BE8 /* libopencv_videostab.2.4.13.dylib in Frameworks */ = {isa = PBXBuildFile; fileRef = 77E75A6B1F0CA42100F48BE8 /* libopencv_videostab.2.4.13.dylib */; };
		77E75AA51F0CA42100F48BE8 /* pkgconfig in Frameworks */ = {isa = PBXBuildFile; fileRef = 77E75A6C1F0CA42100F48BE8 /* pkgconfig */; };
		77E75AA61F0CA42100F48BE8 /* python2.7 in Frameworks */ = {isa = PBXBuildFile; fileRef = 77E75A6D1F0CA42100F48BE8 /* python2.7 */; };
/* End PBXBuildFile section */

/* Begin PBXCopyFilesBuildPhase section */
		77E7596A1F0C80AD00F48BE8 /* CopyFiles */ = {
			isa = PBXCopyFilesBuildPhase;
			buildActionMask = 2147483647;
			dstPath = /usr/share/man/man1/;
			dstSubfolderSpec = 0;
			files = (
			);
			runOnlyForDeploymentPostprocessing = 1;
		};
/* End PBXCopyFilesBuildPhase section */

/* Begin PBXFileReference section */
		77E7596C1F0C80AD00F48BE8 /* CVtest */ = {isa = PBXFileReference; explicitFileType = "compiled.mach-o.executable"; includeInIndex = 0; path = CVtest; sourceTree = BUILT_PRODUCTS_DIR; };
		77E7596F1F0C80AD00F48BE8 /* main.cpp */ = {isa = PBXFileReference; lastKnownFileType = sourcecode.cpp.cpp; path = main.cpp; sourceTree = "<group>"; };
		77E759771F0C824800F48BE8 /* libstdc++.6.0.9.tbd */ = {isa = PBXFileReference; lastKnownFileType = "sourcecode.text-based-dylib-definition"; name = "libstdc++.6.0.9.tbd"; path = "usr/lib/libstdc++.6.0.9.tbd"; sourceTree = SDKROOT; };
		77E759781F0C824800F48BE8 /* libstdc++.6.tbd */ = {isa = PBXFileReference; lastKnownFileType = "sourcecode.text-based-dylib-definition"; name = "libstdc++.6.tbd"; path = "usr/lib/libstdc++.6.tbd"; sourceTree = SDKROOT; };
		77E759791F0C824800F48BE8 /* libstdc++.tbd */ = {isa = PBXFileReference; lastKnownFileType = "sourcecode.text-based-dylib-definition"; name = "libstdc++.tbd"; path = "usr/lib/libstdc++.tbd"; sourceTree = SDKROOT; };
		77E75A351F0CA42100F48BE8 /* libopencv_calib3d.2.4.13.dylib */ = {isa = PBXFileReference; lastKnownFileType = "compiled.mach-o.dylib"; name = libopencv_calib3d.2.4.13.dylib; path = ../../../../usr/local/Cellar/opencv/2.4.13.2/lib/libopencv_calib3d.2.4.13.dylib; sourceTree = "<group>"; };
		77E75A361F0CA42100F48BE8 /* libopencv_calib3d.2.4.13.dylib */ = {isa = PBXFileReference; lastKnownFileType = "compiled.mach-o.dylib"; name = libopencv_calib3d.2.4.13.dylib; path = ../../../../usr/local/Cellar/opencv/2.4.13.2/lib/libopencv_calib3d.2.4.13.dylib; sourceTree = "<group>"; };
		77E75A371F0CA42100F48BE8 /* libopencv_calib3d.2.4.13.dylib */ = {isa = PBXFileReference; lastKnownFileType = "compiled.mach-o.dylib"; name = libopencv_calib3d.2.4.13.dylib; path = ../../../../usr/local/Cellar/opencv/2.4.13.2/lib/libopencv_calib3d.2.4.13.dylib; sourceTree = "<group>"; };
		77E75A381F0CA42100F48BE8 /* libopencv_contrib.2.4.13.dylib */ = {isa = PBXFileReference; lastKnownFileType = "compiled.mach-o.dylib"; name = libopencv_contrib.2.4.13.dylib; path = ../../../../usr/local/Cellar/opencv/2.4.13.2/lib/libopencv_contrib.2.4.13.dylib; sourceTree = "<group>"; };
		77E75A391F0CA42100F48BE8 /* libopencv_contrib.2.4.13.dylib */ = {isa = PBXFileReference; lastKnownFileType = "compiled.mach-o.dylib"; name = libopencv_contrib.2.4.13.dylib; path = ../../../../usr/local/Cellar/opencv/2.4.13.2/lib/libopencv_contrib.2.4.13.dylib; sourceTree = "<group>"; };
		77E75A3A1F0CA42100F48BE8 /* libopencv_contrib.2.4.13.dylib */ = {isa = PBXFileReference; lastKnownFileType = "compiled.mach-o.dylib"; name = libopencv_contrib.2.4.13.dylib; path = ../../../../usr/local/Cellar/opencv/2.4.13.2/lib/libopencv_contrib.2.4.13.dylib; sourceTree = "<group>"; };
		77E75A3B1F0CA42100F48BE8 /* libopencv_core.2.4.13.dylib */ = {isa = PBXFileReference; lastKnownFileType = "compiled.mach-o.dylib"; name = libopencv_core.2.4.13.dylib; path = ../../../../usr/local/Cellar/opencv/2.4.13.2/lib/libopencv_core.2.4.13.dylib; sourceTree = "<group>"; };
		77E75A3C1F0CA42100F48BE8 /* libopencv_core.2.4.13.dylib */ = {isa = PBXFileReference; lastKnownFileType = "compiled.mach-o.dylib"; name = libopencv_core.2.4.13.dylib; path = ../../../../usr/local/Cellar/opencv/2.4.13.2/lib/libopencv_core.2.4.13.dylib; sourceTree = "<group>"; };
		77E75A3D1F0CA42100F48BE8 /* libopencv_core.2.4.13.dylib */ = {isa = PBXFileReference; lastKnownFileType = "compiled.mach-o.dylib"; name = libopencv_core.2.4.13.dylib; path = ../../../../usr/local/Cellar/opencv/2.4.13.2/lib/libopencv_core.2.4.13.dylib; sourceTree = "<group>"; };
		77E75A3E1F0CA42100F48BE8 /* libopencv_features2d.2.4.13.dylib */ = {isa = PBXFileReference; lastKnownFileType = "compiled.mach-o.dylib"; name = libopencv_features2d.2.4.13.dylib; path = ../../../../usr/local/Cellar/opencv/2.4.13.2/lib/libopencv_features2d.2.4.13.dylib; sourceTree = "<group>"; };
		77E75A3F1F0CA42100F48BE8 /* libopencv_features2d.2.4.13.dylib */ = {isa = PBXFileReference; lastKnownFileType = "compiled.mach-o.dylib"; name = libopencv_features2d.2.4.13.dylib; path = ../../../../usr/local/Cellar/opencv/2.4.13.2/lib/libopencv_features2d.2.4.13.dylib; sourceTree = "<group>"; };
		77E75A401F0CA42100F48BE8 /* libopencv_features2d.2.4.13.dylib */ = {isa = PBXFileReference; lastKnownFileType = "compiled.mach-o.dylib"; name = libopencv_features2d.2.4.13.dylib; path = ../../../../usr/local/Cellar/opencv/2.4.13.2/lib/libopencv_features2d.2.4.13.dylib; sourceTree = "<group>"; };
		77E75A411F0CA42100F48BE8 /* libopencv_flann.2.4.13.dylib */ = {isa = PBXFileReference; lastKnownFileType = "compiled.mach-o.dylib"; name = libopencv_flann.2.4.13.dylib; path = ../../../../usr/local/Cellar/opencv/2.4.13.2/lib/libopencv_flann.2.4.13.dylib; sourceTree = "<group>"; };
		77E75A421F0CA42100F48BE8 /* libopencv_flann.2.4.13.dylib */ = {isa = PBXFileReference; lastKnownFileType = "compiled.mach-o.dylib"; name = libopencv_flann.2.4.13.dylib; path = ../../../../usr/local/Cellar/opencv/2.4.13.2/lib/libopencv_flann.2.4.13.dylib; sourceTree = "<group>"; };
		77E75A431F0CA42100F48BE8 /* libopencv_flann.2.4.13.dylib */ = {isa = PBXFileReference; lastKnownFileType = "compiled.mach-o.dylib"; name = libopencv_flann.2.4.13.dylib; path = ../../../../usr/local/Cellar/opencv/2.4.13.2/lib/libopencv_flann.2.4.13.dylib; sourceTree = "<group>"; };
		77E75A441F0CA42100F48BE8 /* libopencv_gpu.2.4.13.dylib */ = {isa = PBXFileReference; lastKnownFileType = "compiled.mach-o.dylib"; name = libopencv_gpu.2.4.13.dylib; path = ../../../../usr/local/Cellar/opencv/2.4.13.2/lib/libopencv_gpu.2.4.13.dylib; sourceTree = "<group>"; };
		77E75A451F0CA42100F48BE8 /* libopencv_gpu.2.4.13.dylib */ = {isa = PBXFileReference; lastKnownFileType = "compiled.mach-o.dylib"; name = libopencv_gpu.2.4.13.dylib; path = ../../../../usr/local/Cellar/opencv/2.4.13.2/lib/libopencv_gpu.2.4.13.dylib; sourceTree = "<group>"; };
		77E75A461F0CA42100F48BE8 /* libopencv_gpu.2.4.13.dylib */ = {isa = PBXFileReference; lastKnownFileType = "compiled.mach-o.dylib"; name = libopencv_gpu.2.4.13.dylib; path = ../../../../usr/local/Cellar/opencv/2.4.13.2/lib/libopencv_gpu.2.4.13.dylib; sourceTree = "<group>"; };
		77E75A471F0CA42100F48BE8 /* libopencv_highgui.2.4.13.dylib */ = {isa = PBXFileReference; lastKnownFileType = "compiled.mach-o.dylib"; name = libopencv_highgui.2.4.13.dylib; path = ../../../../usr/local/Cellar/opencv/2.4.13.2/lib/libopencv_highgui.2.4.13.dylib; sourceTree = "<group>"; };
		77E75A481F0CA42100F48BE8 /* libopencv_highgui.2.4.13.dylib */ = {isa = PBXFileReference; lastKnownFileType = "compiled.mach-o.dylib"; name = libopencv_highgui.2.4.13.dylib; path = ../../../../usr/local/Cellar/opencv/2.4.13.2/lib/libopencv_highgui.2.4.13.dylib; sourceTree = "<group>"; };
		77E75A491F0CA42100F48BE8 /* libopencv_highgui.2.4.13.dylib */ = {isa = PBXFileReference; lastKnownFileType = "compiled.mach-o.dylib"; name = libopencv_highgui.2.4.13.dylib; path = ../../../../usr/local/Cellar/opencv/2.4.13.2/lib/libopencv_highgui.2.4.13.dylib; sourceTree = "<group>"; };
		77E75A4A1F0CA42100F48BE8 /* libopencv_imgproc.2.4.13.dylib */ = {isa = PBXFileReference; lastKnownFileType = "compiled.mach-o.dylib"; name = libopencv_imgproc.2.4.13.dylib; path = ../../../../usr/local/Cellar/opencv/2.4.13.2/lib/libopencv_imgproc.2.4.13.dylib; sourceTree = "<group>"; };
		77E75A4B1F0CA42100F48BE8 /* libopencv_imgproc.2.4.13.dylib */ = {isa = PBXFileReference; lastKnownFileType = "compiled.mach-o.dylib"; name = libopencv_imgproc.2.4.13.dylib; path = ../../../../usr/local/Cellar/opencv/2.4.13.2/lib/libopencv_imgproc.2.4.13.dylib; sourceTree = "<group>"; };
		77E75A4C1F0CA42100F48BE8 /* libopencv_imgproc.2.4.13.dylib */ = {isa = PBXFileReference; lastKnownFileType = "compiled.mach-o.dylib"; name = libopencv_imgproc.2.4.13.dylib; path = ../../../../usr/local/Cellar/opencv/2.4.13.2/lib/libopencv_imgproc.2.4.13.dylib; sourceTree = "<group>"; };
		77E75A4D1F0CA42100F48BE8 /* libopencv_legacy.2.4.13.dylib */ = {isa = PBXFileReference; lastKnownFileType = "compiled.mach-o.dylib"; name = libopencv_legacy.2.4.13.dylib; path = ../../../../usr/local/Cellar/opencv/2.4.13.2/lib/libopencv_legacy.2.4.13.dylib; sourceTree = "<group>"; };
		77E75A4E1F0CA42100F48BE8 /* libopencv_legacy.2.4.13.dylib */ = {isa = PBXFileReference; lastKnownFileType = "compiled.mach-o.dylib"; name = libopencv_legacy.2.4.13.dylib; path = ../../../../usr/local/Cellar/opencv/2.4.13.2/lib/libopencv_legacy.2.4.13.dylib; sourceTree = "<group>"; };
		77E75A4F1F0CA42100F48BE8 /* libopencv_legacy.2.4.13.dylib */ = {isa = PBXFileReference; lastKnownFileType = "compiled.mach-o.dylib"; name = libopencv_legacy.2.4.13.dylib; path = ../../../../usr/local/Cellar/opencv/2.4.13.2/lib/libopencv_legacy.2.4.13.dylib; sourceTree = "<group>"; };
		77E75A501F0CA42100F48BE8 /* libopencv_ml.2.4.13.dylib */ = {isa = PBXFileReference; lastKnownFileType = "compiled.mach-o.dylib"; name = libopencv_ml.2.4.13.dylib; path = ../../../../usr/local/Cellar/opencv/2.4.13.2/lib/libopencv_ml.2.4.13.dylib; sourceTree = "<group>"; };
		77E75A511F0CA42100F48BE8 /* libopencv_ml.2.4.13.dylib */ = {isa = PBXFileReference; lastKnownFileType = "compiled.mach-o.dylib"; name = libopencv_ml.2.4.13.dylib; path = ../../../../usr/local/Cellar/opencv/2.4.13.2/lib/libopencv_ml.2.4.13.dylib; sourceTree = "<group>"; };
		77E75A521F0CA42100F48BE8 /* libopencv_ml.2.4.13.dylib */ = {isa = PBXFileReference; lastKnownFileType = "compiled.mach-o.dylib"; name = libopencv_ml.2.4.13.dylib; path = ../../../../usr/local/Cellar/opencv/2.4.13.2/lib/libopencv_ml.2.4.13.dylib; sourceTree = "<group>"; };
		77E75A531F0CA42100F48BE8 /* libopencv_nonfree.2.4.13.dylib */ = {isa = PBXFileReference; lastKnownFileType = "compiled.mach-o.dylib"; name = libopencv_nonfree.2.4.13.dylib; path = ../../../../usr/local/Cellar/opencv/2.4.13.2/lib/libopencv_nonfree.2.4.13.dylib; sourceTree = "<group>"; };
		77E75A541F0CA42100F48BE8 /* libopencv_nonfree.2.4.13.dylib */ = {isa = PBXFileReference; lastKnownFileType = "compiled.mach-o.dylib"; name = libopencv_nonfree.2.4.13.dylib; path = ../../../../usr/local/Cellar/opencv/2.4.13.2/lib/libopencv_nonfree.2.4.13.dylib; sourceTree = "<group>"; };
		77E75A551F0CA42100F48BE8 /* libopencv_nonfree.2.4.13.dylib */ = {isa = PBXFileReference; lastKnownFileType = "compiled.mach-o.dylib"; name = libopencv_nonfree.2.4.13.dylib; path = ../../../../usr/local/Cellar/opencv/2.4.13.2/lib/libopencv_nonfree.2.4.13.dylib; sourceTree = "<group>"; };
		77E75A561F0CA42100F48BE8 /* libopencv_objdetect.2.4.13.dylib */ = {isa = PBXFileReference; lastKnownFileType = "compiled.mach-o.dylib"; name = libopencv_objdetect.2.4.13.dylib; path = ../../../../usr/local/Cellar/opencv/2.4.13.2/lib/libopencv_objdetect.2.4.13.dylib; sourceTree = "<group>"; };
		77E75A571F0CA42100F48BE8 /* libopencv_objdetect.2.4.13.dylib */ = {isa = PBXFileReference; lastKnownFileType = "compiled.mach-o.dylib"; name = libopencv_objdetect.2.4.13.dylib; path = ../../../../usr/local/Cellar/opencv/2.4.13.2/lib/libopencv_objdetect.2.4.13.dylib; sourceTree = "<group>"; };
		77E75A581F0CA42100F48BE8 /* libopencv_objdetect.2.4.13.dylib */ = {isa = PBXFileReference; lastKnownFileType = "compiled.mach-o.dylib"; name = libopencv_objdetect.2.4.13.dylib; path = ../../../../usr/local/Cellar/opencv/2.4.13.2/lib/libopencv_objdetect.2.4.13.dylib; sourceTree = "<group>"; };
		77E75A591F0CA42100F48BE8 /* libopencv_ocl.2.4.13.dylib */ = {isa = PBXFileReference; lastKnownFileType = "compiled.mach-o.dylib"; name = libopencv_ocl.2.4.13.dylib; path = ../../../../usr/local/Cellar/opencv/2.4.13.2/lib/libopencv_ocl.2.4.13.dylib; sourceTree = "<group>"; };
		77E75A5A1F0CA42100F48BE8 /* libopencv_ocl.2.4.13.dylib */ = {isa = PBXFileReference; lastKnownFileType = "compiled.mach-o.dylib"; name = libopencv_ocl.2.4.13.dylib; path = ../../../../usr/local/Cellar/opencv/2.4.13.2/lib/libopencv_ocl.2.4.13.dylib; sourceTree = "<group>"; };
		77E75A5B1F0CA42100F48BE8 /* libopencv_ocl.2.4.13.dylib */ = {isa = PBXFileReference; lastKnownFileType = "compiled.mach-o.dylib"; name = libopencv_ocl.2.4.13.dylib; path = ../../../../usr/local/Cellar/opencv/2.4.13.2/lib/libopencv_ocl.2.4.13.dylib; sourceTree = "<group>"; };
		77E75A5C1F0CA42100F48BE8 /* libopencv_photo.2.4.13.dylib */ = {isa = PBXFileReference; lastKnownFileType = "compiled.mach-o.dylib"; name = libopencv_photo.2.4.13.dylib; path = ../../../../usr/local/Cellar/opencv/2.4.13.2/lib/libopencv_photo.2.4.13.dylib; sourceTree = "<group>"; };
		77E75A5D1F0CA42100F48BE8 /* libopencv_photo.2.4.13.dylib */ = {isa = PBXFileReference; lastKnownFileType = "compiled.mach-o.dylib"; name = libopencv_photo.2.4.13.dylib; path = ../../../../usr/local/Cellar/opencv/2.4.13.2/lib/libopencv_photo.2.4.13.dylib; sourceTree = "<group>"; };
		77E75A5E1F0CA42100F48BE8 /* libopencv_photo.2.4.13.dylib */ = {isa = PBXFileReference; lastKnownFileType = "compiled.mach-o.dylib"; name = libopencv_photo.2.4.13.dylib; path = ../../../../usr/local/Cellar/opencv/2.4.13.2/lib/libopencv_photo.2.4.13.dylib; sourceTree = "<group>"; };
		77E75A5F1F0CA42100F48BE8 /* libopencv_stitching.2.4.13.dylib */ = {isa = PBXFileReference; lastKnownFileType = "compiled.mach-o.dylib"; name = libopencv_stitching.2.4.13.dylib; path = ../../../../usr/local/Cellar/opencv/2.4.13.2/lib/libopencv_stitching.2.4.13.dylib; sourceTree = "<group>"; };
		77E75A601F0CA42100F48BE8 /* libopencv_stitching.2.4.13.dylib */ = {isa = PBXFileReference; lastKnownFileType = "compiled.mach-o.dylib"; name = libopencv_stitching.2.4.13.dylib; path = ../../../../usr/local/Cellar/opencv/2.4.13.2/lib/libopencv_stitching.2.4.13.dylib; sourceTree = "<group>"; };
		77E75A611F0CA42100F48BE8 /* libopencv_stitching.2.4.13.dylib */ = {isa = PBXFileReference; lastKnownFileType = "compiled.mach-o.dylib"; name = libopencv_stitching.2.4.13.dylib; path = ../../../../usr/local/Cellar/opencv/2.4.13.2/lib/libopencv_stitching.2.4.13.dylib; sourceTree = "<group>"; };
		77E75A621F0CA42100F48BE8 /* libopencv_superres.2.4.13.dylib */ = {isa = PBXFileReference; lastKnownFileType = "compiled.mach-o.dylib"; name = libopencv_superres.2.4.13.dylib; path = ../../../../usr/local/Cellar/opencv/2.4.13.2/lib/libopencv_superres.2.4.13.dylib; sourceTree = "<group>"; };
		77E75A631F0CA42100F48BE8 /* libopencv_superres.2.4.13.dylib */ = {isa = PBXFileReference; lastKnownFileType = "compiled.mach-o.dylib"; name = libopencv_superres.2.4.13.dylib; path = ../../../../usr/local/Cellar/opencv/2.4.13.2/lib/libopencv_superres.2.4.13.dylib; sourceTree = "<group>"; };
		77E75A641F0CA42100F48BE8 /* libopencv_superres.2.4.13.dylib */ = {isa = PBXFileReference; lastKnownFileType = "compiled.mach-o.dylib"; name = libopencv_superres.2.4.13.dylib; path = ../../../../usr/local/Cellar/opencv/2.4.13.2/lib/libopencv_superres.2.4.13.dylib; sourceTree = "<group>"; };
		77E75A651F0CA42100F48BE8 /* libopencv_ts.a */ = {isa = PBXFileReference; lastKnownFileType = archive.ar; name = libopencv_ts.a; path = ../../../../usr/local/Cellar/opencv/2.4.13.2/lib/libopencv_ts.a; sourceTree = "<group>"; };
		77E75A661F0CA42100F48BE8 /* libopencv_video.2.4.13.dylib */ = {isa = PBXFileReference; lastKnownFileType = "compiled.mach-o.dylib"; name = libopencv_video.2.4.13.dylib; path = ../../../../usr/local/Cellar/opencv/2.4.13.2/lib/libopencv_video.2.4.13.dylib; sourceTree = "<group>"; };
		77E75A671F0CA42100F48BE8 /* libopencv_video.2.4.13.dylib */ = {isa = PBXFileReference; lastKnownFileType = "compiled.mach-o.dylib"; name = libopencv_video.2.4.13.dylib; path = ../../../../usr/local/Cellar/opencv/2.4.13.2/lib/libopencv_video.2.4.13.dylib; sourceTree = "<group>"; };
		77E75A681F0CA42100F48BE8 /* libopencv_video.2.4.13.dylib */ = {isa = PBXFileReference; lastKnownFileType = "compiled.mach-o.dylib"; name = libopencv_video.2.4.13.dylib; path = ../../../../usr/local/Cellar/opencv/2.4.13.2/lib/libopencv_video.2.4.13.dylib; sourceTree = "<group>"; };
		77E75A691F0CA42100F48BE8 /* libopencv_videostab.2.4.13.dylib */ = {isa = PBXFileReference; lastKnownFileType = "compiled.mach-o.dylib"; name = libopencv_videostab.2.4.13.dylib; path = ../../../../usr/local/Cellar/opencv/2.4.13.2/lib/libopencv_videostab.2.4.13.dylib; sourceTree = "<group>"; };
		77E75A6A1F0CA42100F48BE8 /* libopencv_videostab.2.4.13.dylib */ = {isa = PBXFileReference; lastKnownFileType = "compiled.mach-o.dylib"; name = libopencv_videostab.2.4.13.dylib; path = ../../../../usr/local/Cellar/opencv/2.4.13.2/lib/libopencv_videostab.2.4.13.dylib; sourceTree = "<group>"; };
		77E75A6B1F0CA42100F48BE8 /* libopencv_videostab.2.4.13.dylib */ = {isa = PBXFileReference; lastKnownFileType = "compiled.mach-o.dylib"; name = libopencv_videostab.2.4.13.dylib; path = ../../../../usr/local/Cellar/opencv/2.4.13.2/lib/libopencv_videostab.2.4.13.dylib; sourceTree = "<group>"; };
		77E75A6C1F0CA42100F48BE8 /* pkgconfig */ = {isa = PBXFileReference; lastKnownFileType = folder; name = pkgconfig; path = ../../../../usr/local/Cellar/opencv/2.4.13.2/lib/pkgconfig; sourceTree = "<group>"; };
		77E75A6D1F0CA42100F48BE8 /* python2.7 */ = {isa = PBXFileReference; lastKnownFileType = folder; name = python2.7; path = ../../../../usr/local/Cellar/opencv/2.4.13.2/lib/python2.7; sourceTree = "<group>"; };
/* End PBXFileReference section */

/* Begin PBXFrameworksBuildPhase section */
		77E759691F0C80AD00F48BE8 /* Frameworks */ = {
			isa = PBXFrameworksBuildPhase;
			buildActionMask = 2147483647;
			files = (
				77E75A6E1F0CA42100F48BE8 /* libopencv_calib3d.2.4.13.dylib in Frameworks */,
				77E75A6F1F0CA42100F48BE8 /* libopencv_calib3d.2.4.13.dylib in Frameworks */,
				77E75A701F0CA42100F48BE8 /* libopencv_calib3d.2.4.13.dylib in Frameworks */,
				77E75A711F0CA42100F48BE8 /* libopencv_contrib.2.4.13.dylib in Frameworks */,
				77E75A721F0CA42100F48BE8 /* libopencv_contrib.2.4.13.dylib in Frameworks */,
				77E75A731F0CA42100F48BE8 /* libopencv_contrib.2.4.13.dylib in Frameworks */,
				77E75A741F0CA42100F48BE8 /* libopencv_core.2.4.13.dylib in Frameworks */,
				77E75A751F0CA42100F48BE8 /* libopencv_core.2.4.13.dylib in Frameworks */,
				77E75A761F0CA42100F48BE8 /* libopencv_core.2.4.13.dylib in Frameworks */,
				77E75A771F0CA42100F48BE8 /* libopencv_features2d.2.4.13.dylib in Frameworks */,
				77E75A781F0CA42100F48BE8 /* libopencv_features2d.2.4.13.dylib in Frameworks */,
				77E75A791F0CA42100F48BE8 /* libopencv_features2d.2.4.13.dylib in Frameworks */,
				77E75A7A1F0CA42100F48BE8 /* libopencv_flann.2.4.13.dylib in Frameworks */,
				77E75A7B1F0CA42100F48BE8 /* libopencv_flann.2.4.13.dylib in Frameworks */,
				77E75A7C1F0CA42100F48BE8 /* libopencv_flann.2.4.13.dylib in Frameworks */,
				77E75A7D1F0CA42100F48BE8 /* libopencv_gpu.2.4.13.dylib in Frameworks */,
				77E75A7E1F0CA42100F48BE8 /* libopencv_gpu.2.4.13.dylib in Frameworks */,
				77E75A7F1F0CA42100F48BE8 /* libopencv_gpu.2.4.13.dylib in Frameworks */,
				77E75A801F0CA42100F48BE8 /* libopencv_highgui.2.4.13.dylib in Frameworks */,
				77E75A811F0CA42100F48BE8 /* libopencv_highgui.2.4.13.dylib in Frameworks */,
				77E75A821F0CA42100F48BE8 /* libopencv_highgui.2.4.13.dylib in Frameworks */,
				77E75A831F0CA42100F48BE8 /* libopencv_imgproc.2.4.13.dylib in Frameworks */,
				77E75A841F0CA42100F48BE8 /* libopencv_imgproc.2.4.13.dylib in Frameworks */,
				77E75A851F0CA42100F48BE8 /* libopencv_imgproc.2.4.13.dylib in Frameworks */,
				77E75A861F0CA42100F48BE8 /* libopencv_legacy.2.4.13.dylib in Frameworks */,
				77E75A871F0CA42100F48BE8 /* libopencv_legacy.2.4.13.dylib in Frameworks */,
				77E75A881F0CA42100F48BE8 /* libopencv_legacy.2.4.13.dylib in Frameworks */,
				77E75A891F0CA42100F48BE8 /* libopencv_ml.2.4.13.dylib in Frameworks */,
				77E75A8A1F0CA42100F48BE8 /* libopencv_ml.2.4.13.dylib in Frameworks */,
				77E75A8B1F0CA42100F48BE8 /* libopencv_ml.2.4.13.dylib in Frameworks */,
				77E75A8C1F0CA42100F48BE8 /* libopencv_nonfree.2.4.13.dylib in Frameworks */,
				77E75A8D1F0CA42100F48BE8 /* libopencv_nonfree.2.4.13.dylib in Frameworks */,
				77E75A8E1F0CA42100F48BE8 /* libopencv_nonfree.2.4.13.dylib in Frameworks */,
				77E75A8F1F0CA42100F48BE8 /* libopencv_objdetect.2.4.13.dylib in Frameworks */,
				77E75A901F0CA42100F48BE8 /* libopencv_objdetect.2.4.13.dylib in Frameworks */,
				77E75A911F0CA42100F48BE8 /* libopencv_objdetect.2.4.13.dylib in Frameworks */,
				77E75A921F0CA42100F48BE8 /* libopencv_ocl.2.4.13.dylib in Frameworks */,
				77E75A931F0CA42100F48BE8 /* libopencv_ocl.2.4.13.dylib in Frameworks */,
				77E75A941F0CA42100F48BE8 /* libopencv_ocl.2.4.13.dylib in Frameworks */,
				77E75A951F0CA42100F48BE8 /* libopencv_photo.2.4.13.dylib in Frameworks */,
				77E75A961F0CA42100F48BE8 /* libopencv_photo.2.4.13.dylib in Frameworks */,
				77E75A971F0CA42100F48BE8 /* libopencv_photo.2.4.13.dylib in Frameworks */,
				77E75A981F0CA42100F48BE8 /* libopencv_stitching.2.4.13.dylib in Frameworks */,
				77E75A991F0CA42100F48BE8 /* libopencv_stitching.2.4.13.dylib in Frameworks */,
				77E75A9A1F0CA42100F48BE8 /* libopencv_stitching.2.4.13.dylib in Frameworks */,
				77E75A9B1F0CA42100F48BE8 /* libopencv_superres.2.4.13.dylib in Frameworks */,
				77E75A9C1F0CA42100F48BE8 /* libopencv_superres.2.4.13.dylib in Frameworks */,
				77E75A9D1F0CA42100F48BE8 /* libopencv_superres.2.4.13.dylib in Frameworks */,
				77E75A9E1F0CA42100F48BE8 /* libopencv_ts.a in Frameworks */,
				77E75A9F1F0CA42100F48BE8 /* libopencv_video.2.4.13.dylib in Frameworks */,
				77E75AA01F0CA42100F48BE8 /* libopencv_video.2.4.13.dylib in Frameworks */,
				77E75AA11F0CA42100F48BE8 /* libopencv_video.2.4.13.dylib in Frameworks */,
				77E75AA21F0CA42100F48BE8 /* libopencv_videostab.2.4.13.dylib in Frameworks */,
				77E75AA31F0CA42100F48BE8 /* libopencv_videostab.2.4.13.dylib in Frameworks */,
				77E75AA41F0CA42100F48BE8 /* libopencv_videostab.2.4.13.dylib in Frameworks */,
				77E75AA51F0CA42100F48BE8 /* pkgconfig in Frameworks */,
				77E75AA61F0CA42100F48BE8 /* python2.7 in Frameworks */,
				77E75A331F0CA41400F48BE8 /* libstdc++.6.0.9.tbd in Frameworks */,
				77E75A341F0CA41400F48BE8 /* libstdc++.6.tbd in Frameworks */,
				77E7597C1F0C824800F48BE8 /* libstdc++.tbd in Frameworks */,
			);
			runOnlyForDeploymentPostprocessing = 0;
		};
/* End PBXFrameworksBuildPhase section */

/* Begin PBXGroup section */
		77E759631F0C80AD00F48BE8 = {
			isa = PBXGroup;
			children = (
				77E7596E1F0C80AD00F48BE8 /* CVtest */,
				77E7596D1F0C80AD00F48BE8 /* Products */,
				77E759761F0C824800F48BE8 /* Frameworks */,
			);
			sourceTree = "<group>";
		};
		77E7596D1F0C80AD00F48BE8 /* Products */ = {
			isa = PBXGroup;
			children = (
				77E7596C1F0C80AD00F48BE8 /* CVtest */,
			);
			name = Products;
			sourceTree = "<group>";
		};
		77E7596E1F0C80AD00F48BE8 /* CVtest */ = {
			isa = PBXGroup;
			children = (
				77E7596F1F0C80AD00F48BE8 /* main.cpp */,
			);
			path = CVtest;
			sourceTree = "<group>";
		};
		77E759761F0C824800F48BE8 /* Frameworks */ = {
			isa = PBXGroup;
			children = (
				77E75A351F0CA42100F48BE8 /* libopencv_calib3d.2.4.13.dylib */,
				77E75A361F0CA42100F48BE8 /* libopencv_calib3d.2.4.13.dylib */,
				77E75A371F0CA42100F48BE8 /* libopencv_calib3d.2.4.13.dylib */,
				77E75A381F0CA42100F48BE8 /* libopencv_contrib.2.4.13.dylib */,
				77E75A391F0CA42100F48BE8 /* libopencv_contrib.2.4.13.dylib */,
				77E75A3A1F0CA42100F48BE8 /* libopencv_contrib.2.4.13.dylib */,
				77E75A3B1F0CA42100F48BE8 /* libopencv_core.2.4.13.dylib */,
				77E75A3C1F0CA42100F48BE8 /* libopencv_core.2.4.13.dylib */,
				77E75A3D1F0CA42100F48BE8 /* libopencv_core.2.4.13.dylib */,
				77E75A3E1F0CA42100F48BE8 /* libopencv_features2d.2.4.13.dylib */,
				77E75A3F1F0CA42100F48BE8 /* libopencv_features2d.2.4.13.dylib */,
				77E75A401F0CA42100F48BE8 /* libopencv_features2d.2.4.13.dylib */,
				77E75A411F0CA42100F48BE8 /* libopencv_flann.2.4.13.dylib */,
				77E75A421F0CA42100F48BE8 /* libopencv_flann.2.4.13.dylib */,
				77E75A431F0CA42100F48BE8 /* libopencv_flann.2.4.13.dylib */,
				77E75A441F0CA42100F48BE8 /* libopencv_gpu.2.4.13.dylib */,
				77E75A451F0CA42100F48BE8 /* libopencv_gpu.2.4.13.dylib */,
				77E75A461F0CA42100F48BE8 /* libopencv_gpu.2.4.13.dylib */,
				77E75A471F0CA42100F48BE8 /* libopencv_highgui.2.4.13.dylib */,
				77E75A481F0CA42100F48BE8 /* libopencv_highgui.2.4.13.dylib */,
				77E75A491F0CA42100F48BE8 /* libopencv_highgui.2.4.13.dylib */,
				77E75A4A1F0CA42100F48BE8 /* libopencv_imgproc.2.4.13.dylib */,
				77E75A4B1F0CA42100F48BE8 /* libopencv_imgproc.2.4.13.dylib */,
				77E75A4C1F0CA42100F48BE8 /* libopencv_imgproc.2.4.13.dylib */,
				77E75A4D1F0CA42100F48BE8 /* libopencv_legacy.2.4.13.dylib */,
				77E75A4E1F0CA42100F48BE8 /* libopencv_legacy.2.4.13.dylib */,
				77E75A4F1F0CA42100F48BE8 /* libopencv_legacy.2.4.13.dylib */,
				77E75A501F0CA42100F48BE8 /* libopencv_ml.2.4.13.dylib */,
				77E75A511F0CA42100F48BE8 /* libopencv_ml.2.4.13.dylib */,
				77E75A521F0CA42100F48BE8 /* libopencv_ml.2.4.13.dylib */,
				77E75A531F0CA42100F48BE8 /* libopencv_nonfree.2.4.13.dylib */,
				77E75A541F0CA42100F48BE8 /* libopencv_nonfree.2.4.13.dylib */,
				77E75A551F0CA42100F48BE8 /* libopencv_nonfree.2.4.13.dylib */,
				77E75A561F0CA42100F48BE8 /* libopencv_objdetect.2.4.13.dylib */,
				77E75A571F0CA42100F48BE8 /* libopencv_objdetect.2.4.13.dylib */,
				77E75A581F0CA42100F48BE8 /* libopencv_objdetect.2.4.13.dylib */,
				77E75A591F0CA42100F48BE8 /* libopencv_ocl.2.4.13.dylib */,
				77E75A5A1F0CA42100F48BE8 /* libopencv_ocl.2.4.13.dylib */,
				77E75A5B1F0CA42100F48BE8 /* libopencv_ocl.2.4.13.dylib */,
				77E75A5C1F0CA42100F48BE8 /* libopencv_photo.2.4.13.dylib */,
				77E75A5D1F0CA42100F48BE8 /* libopencv_photo.2.4.13.dylib */,
				77E75A5E1F0CA42100F48BE8 /* libopencv_photo.2.4.13.dylib */,
				77E75A5F1F0CA42100F48BE8 /* libopencv_stitching.2.4.13.dylib */,
				77E75A601F0CA42100F48BE8 /* libopencv_stitching.2.4.13.dylib */,
				77E75A611F0CA42100F48BE8 /* libopencv_stitching.2.4.13.dylib */,
				77E75A621F0CA42100F48BE8 /* libopencv_superres.2.4.13.dylib */,
				77E75A631F0CA42100F48BE8 /* libopencv_superres.2.4.13.dylib */,
				77E75A641F0CA42100F48BE8 /* libopencv_superres.2.4.13.dylib */,
				77E75A651F0CA42100F48BE8 /* libopencv_ts.a */,
				77E75A661F0CA42100F48BE8 /* libopencv_video.2.4.13.dylib */,
				77E75A671F0CA42100F48BE8 /* libopencv_video.2.4.13.dylib */,
				77E75A681F0CA42100F48BE8 /* libopencv_video.2.4.13.dylib */,
				77E75A691F0CA42100F48BE8 /* libopencv_videostab.2.4.13.dylib */,
				77E75A6A1F0CA42100F48BE8 /* libopencv_videostab.2.4.13.dylib */,
				77E75A6B1F0CA42100F48BE8 /* libopencv_videostab.2.4.13.dylib */,
				77E75A6C1F0CA42100F48BE8 /* pkgconfig */,
				77E75A6D1F0CA42100F48BE8 /* python2.7 */,
				77E759771F0C824800F48BE8 /* libstdc++.6.0.9.tbd */,
				77E759781F0C824800F48BE8 /* libstdc++.6.tbd */,
				77E759791F0C824800F48BE8 /* libstdc++.tbd */,
			);
			name = Frameworks;
			sourceTree = "<group>";
		};
/* End PBXGroup section */

/* Begin PBXNativeTarget section */
		77E7596B1F0C80AD00F48BE8 /* CVtest */ = {
			isa = PBXNativeTarget;
			buildConfigurationList = 77E759731F0C80AD00F48BE8 /* Build configuration list for PBXNativeTarget "CVtest" */;
			buildPhases = (
				77E759681F0C80AD00F48BE8 /* Sources */,
				77E759691F0C80AD00F48BE8 /* Frameworks */,
				77E7596A1F0C80AD00F48BE8 /* CopyFiles */,
			);
			buildRules = (
			);
			dependencies = (
			);
			name = CVtest;
			productName = CVtest;
			productReference = 77E7596C1F0C80AD00F48BE8 /* CVtest */;
			productType = "com.apple.product-type.tool";
		};
/* End PBXNativeTarget section */

/* Begin PBXProject section */
		77E759641F0C80AD00F48BE8 /* Project object */ = {
			isa = PBXProject;
			attributes = {
				LastUpgradeCheck = 0830;
				ORGANIZATIONNAME = "胡耀楠";
				TargetAttributes = {
					77E7596B1F0C80AD00F48BE8 = {
						CreatedOnToolsVersion = 8.3.3;
						ProvisioningStyle = Automatic;
					};
				};
			};
			buildConfigurationList = 77E759671F0C80AD00F48BE8 /* Build configuration list for PBXProject "CVtest" */;
			compatibilityVersion = "Xcode 3.2";
			developmentRegion = English;
			hasScannedForEncodings = 0;
			knownRegions = (
				en,
			);
			mainGroup = 77E759631F0C80AD00F48BE8;
			productRefGroup = 77E7596D1F0C80AD00F48BE8 /* Products */;
			projectDirPath = "";
			projectRoot = "";
			targets = (
				77E7596B1F0C80AD00F48BE8 /* CVtest */,
			);
		};
/* End PBXProject section */

/* Begin PBXSourcesBuildPhase section */
		77E759681F0C80AD00F48BE8 /* Sources */ = {
			isa = PBXSourcesBuildPhase;
			buildActionMask = 2147483647;
			files = (
				77E759701F0C80AD00F48BE8 /* main.cpp in Sources */,
			);
			runOnlyForDeploymentPostprocessing = 0;
		};
/* End PBXSourcesBuildPhase section */

/* Begin XCBuildConfiguration section */
		77E759711F0C80AD00F48BE8 /* Debug */ = {
			isa = XCBuildConfiguration;
			buildSettings = {
				ALWAYS_SEARCH_USER_PATHS = NO;
				CLANG_ANALYZER_NONNULL = YES;
				CLANG_ANALYZER_NUMBER_OBJECT_CONVERSION = YES_AGGRESSIVE;
				CLANG_CXX_LANGUAGE_STANDARD = "gnu++0x";
				CLANG_CXX_LIBRARY = "libc++";
				CLANG_ENABLE_MODULES = YES;
				CLANG_ENABLE_OBJC_ARC = YES;
				CLANG_WARN_BOOL_CONVERSION = YES;
				CLANG_WARN_CONSTANT_CONVERSION = YES;
				CLANG_WARN_DIRECT_OBJC_ISA_USAGE = YES_ERROR;
				CLANG_WARN_DOCUMENTATION_COMMENTS = YES;
				CLANG_WARN_EMPTY_BODY = YES;
				CLANG_WARN_ENUM_CONVERSION = YES;
				CLANG_WARN_INFINITE_RECURSION = YES;
				CLANG_WARN_INT_CONVERSION = YES;
				CLANG_WARN_OBJC_ROOT_CLASS = YES_ERROR;
				CLANG_WARN_SUSPICIOUS_MOVE = YES;
				CLANG_WARN_UNREACHABLE_CODE = YES;
				CLANG_WARN__DUPLICATE_METHOD_MATCH = YES;
				CODE_SIGN_IDENTITY = "-";
				COPY_PHASE_STRIP = NO;
				DEBUG_INFORMATION_FORMAT = dwarf;
				ENABLE_STRICT_OBJC_MSGSEND = YES;
				ENABLE_TESTABILITY = YES;
				GCC_C_LANGUAGE_STANDARD = gnu99;
				GCC_DYNAMIC_NO_PIC = NO;
				GCC_NO_COMMON_BLOCKS = YES;
				GCC_OPTIMIZATION_LEVEL = 0;
				GCC_PREPROCESSOR_DEFINITIONS = (
					"DEBUG=1",
					"$(inherited)",
				);
				GCC_WARN_64_TO_32_BIT_CONVERSION = YES;
				GCC_WARN_ABOUT_RETURN_TYPE = YES_ERROR;
				GCC_WARN_UNDECLARED_SELECTOR = YES;
				GCC_WARN_UNINITIALIZED_AUTOS = YES_AGGRESSIVE;
				GCC_WARN_UNUSED_FUNCTION = YES;
				GCC_WARN_UNUSED_VARIABLE = YES;
				MACOSX_DEPLOYMENT_TARGET = 10.12;
				MTL_ENABLE_DEBUG_INFO = YES;
				ONLY_ACTIVE_ARCH = YES;
				SDKROOT = macosx;
			};
			name = Debug;
		};
		77E759721F0C80AD00F48BE8 /* Release */ = {
			isa = XCBuildConfiguration;
			buildSettings = {
				ALWAYS_SEARCH_USER_PATHS = NO;
				CLANG_ANALYZER_NONNULL = YES;
				CLANG_ANALYZER_NUMBER_OBJECT_CONVERSION = YES_AGGRESSIVE;
				CLANG_CXX_LANGUAGE_STANDARD = "gnu++0x";
				CLANG_CXX_LIBRARY = "libc++";
				CLANG_ENABLE_MODULES = YES;
				CLANG_ENABLE_OBJC_ARC = YES;
				CLANG_WARN_BOOL_CONVERSION = YES;
				CLANG_WARN_CONSTANT_CONVERSION = YES;
				CLANG_WARN_DIRECT_OBJC_ISA_USAGE = YES_ERROR;
				CLANG_WARN_DOCUMENTATION_COMMENTS = YES;
				CLANG_WARN_EMPTY_BODY = YES;
				CLANG_WARN_ENUM_CONVERSION = YES;
				CLANG_WARN_INFINITE_RECURSION = YES;
				CLANG_WARN_INT_CONVERSION = YES;
				CLANG_WARN_OBJC_ROOT_CLASS = YES_ERROR;
				CLANG_WARN_SUSPICIOUS_MOVE = YES;
				CLANG_WARN_UNREACHABLE_CODE = YES;
				CLANG_WARN__DUPLICATE_METHOD_MATCH = YES;
				CODE_SIGN_IDENTITY = "-";
				COPY_PHASE_STRIP = NO;
				DEBUG_INFORMATION_FORMAT = "dwarf-with-dsym";
				ENABLE_NS_ASSERTIONS = NO;
				ENABLE_STRICT_OBJC_MSGSEND = YES;
				GCC_C_LANGUAGE_STANDARD = gnu99;
				GCC_NO_COMMON_BLOCKS = YES;
				GCC_WARN_64_TO_32_BIT_CONVERSION = YES;
				GCC_WARN_ABOUT_RETURN_TYPE = YES_ERROR;
				GCC_WARN_UNDECLARED_SELECTOR = YES;
				GCC_WARN_UNINITIALIZED_AUTOS = YES_AGGRESSIVE;
				GCC_WARN_UNUSED_FUNCTION = YES;
				GCC_WARN_UNUSED_VARIABLE = YES;
				MACOSX_DEPLOYMENT_TARGET = 10.12;
				MTL_ENABLE_DEBUG_INFO = NO;
				SDKROOT = macosx;
			};
			name = Release;
		};
		77E759741F0C80AD00F48BE8 /* Debug */ = {
			isa = XCBuildConfiguration;
			buildSettings = {
				"HEADER_SEARCH_PATHS[arch=*]" = /usr/local/Cellar/opencv/2.4.13.2/include;
				LIBRARY_SEARCH_PATHS = (
					"$(inherited)",
					/usr/local/Cellar/opencv/2.4.13.2/lib,
				);
				"LIBRARY_SEARCH_PATHS[arch=*]" = (
					/usr/local/Cellar/opencv/2.4.13.2/lib,
					"$(PROJECT_DIR)",
				);
				PRODUCT_NAME = "$(TARGET_NAME)";
			};
			name = Debug;
		};
		77E759751F0C80AD00F48BE8 /* Release */ = {
			isa = XCBuildConfiguration;
			buildSettings = {
				"HEADER_SEARCH_PATHS[arch=*]" = /usr/local/Cellar/opencv/2.4.13.2/include;
				LIBRARY_SEARCH_PATHS = (
					"$(inherited)",
					/usr/local/Cellar/opencv/2.4.13.2/lib,
				);
				"LIBRARY_SEARCH_PATHS[arch=*]" = (
					/usr/local/Cellar/opencv/2.4.13.2/lib,
					"$(PROJECT_DIR)",
				);
				PRODUCT_NAME = "$(TARGET_NAME)";
			};
			name = Release;
		};
/* End XCBuildConfiguration section */

/* Begin XCConfigurationList section */
		77E759671F0C80AD00F48BE8 /* Build configuration list for PBXProject "CVtest" */ = {
			isa = XCConfigurationList;
			buildConfigurations = (
				77E759711F0C80AD00F48BE8 /* Debug */,
				77E759721F0C80AD00F48BE8 /* Release */,
			);
			defaultConfigurationIsVisible = 0;
			defaultConfigurationName = Release;
		};
		77E759731F0C80AD00F48BE8 /* Build configuration list for PBXNativeTarget "CVtest" */ = {
			isa = XCConfigurationList;
			buildConfigurations = (
				77E759741F0C80AD00F48BE8 /* Debug */,
				77E759751F0C80AD00F48BE8 /* Release */,
			);
			defaultConfigurationIsVisible = 0;
		};
/* End XCConfigurationList section */
	};
	rootObject = 77E759641F0C80AD00F48BE8 /* Project object */;
}
